
Microsoft Visual Studio Solution File, Format Version 11.00
# Visual Studio 2010
Project("{FAE04EC0-301F-11D3-BF4B-00C04F79EFBC}") = "CheckStatusWebApp", "CheckStatusWebApp\CheckStatusWebApp.csproj", "{3B61EF73-08B7-4D63-AB0D-A322E25DED55}"
EndProject
Project("{FAE04EC0-301F-11D3-BF4B-00C04F79EFBC}") = "GammapartnersWebsiteStatus", "GammapartnersWebsiteStatus\GammapartnersWebsiteStatus.csproj", "{F23F2207-20FE-4AC6-BFBF-255FC50F15E3}"
EndProject
Global
	GlobalSection(SolutionConfigurationPlatforms) = preSolution
		Debug|Any CPU = Debug|Any CPU
		Release|Any CPU = Release|Any CPU
	EndGlobalSection
	GlobalSection(ProjectConfigurationPlatforms) = postSolution
		{3B61EF73-08B7-4D63-AB0D-A322E25DED55}.Debug|Any CPU.ActiveCfg = Debug|Any CPU
		{3B61EF73-08B7-4D63-AB0D-A322E25DED55}.Debug|Any CPU.Build.0 = Debug|Any CPU
		{3B61EF73-08B7-4D63-AB0D-A322E25DED55}.Release|Any CPU.ActiveCfg = Release|Any CPU
		{3B61EF73-08B7-4D63-AB0D-A322E25DED55}.Release|Any CPU.Build.0 = Release|Any CPU
		{F23F2207-20FE-4AC6-BFBF-255FC50F15E3}.Debug|Any CPU.ActiveCfg = Debug|Any CPU
		{F23F2207-20FE-4AC6-BFBF-255FC50F15E3}.Debug|Any CPU.Build.0 = Debug|Any CPU
		{F23F2207-20FE-4AC6-BFBF-255FC50F15E3}.Release|Any CPU.ActiveCfg = Release|Any CPU
		{F23F2207-20FE-4AC6-BFBF-255FC50F15E3}.Release|Any CPU.Build.0 = Release|Any CPU
	EndGlobalSection
	GlobalSection(SolutionProperties) = preSolution
		HideSolutionNode = FALSE
	EndGlobalSection
EndGlobal
